
Microsoft Visual Studio Solution File, Format Version 12.00
# Visual Studio Version 17
VisualStudioVersion = 17.4.33403.182
MinimumVisualStudioVersion = 10.0.40219.1
Project("{FAE04EC0-301F-11D3-BF4B-00C04F79EFBC}") = "BlazorApp", "BlazorApp\BlazorApp.csproj", "{AC3D1883-777C-47B5-883D-9803AD8E214D}"
EndProject
Global
	GlobalSection(SolutionConfigurationPlatforms) = preSolution
		Debug|Any CPU = Debug|Any CPU
		Release|Any CPU = Release|Any CPU
	EndGlobalSection
	GlobalSection(ProjectConfigurationPlatforms) = postSolution
		{AC3D1883-777C-47B5-883D-9803AD8E214D}.Debug|Any CPU.ActiveCfg = Debug|Any CPU
		{AC3D1883-777C-47B5-883D-9803AD8E214D}.Debug|Any CPU.Build.0 = Debug|Any CPU
		{AC3D1883-777C-47B5-883D-9803AD8E214D}.Release|Any CPU.ActiveCfg = Release|Any CPU
		{AC3D1883-777C-47B5-883D-9803AD8E214D}.Release|Any CPU.Build.0 = Release|Any CPU
	EndGlobalSection
	GlobalSection(SolutionProperties) = preSolution
		HideSolutionNode = FALSE
	EndGlobalSection
	GlobalSection(ExtensibilityGlobals) = postSolution
		SolutionGuid = {1BBC8024-74C4-46AB-88FF-E4990F961DF5}
	EndGlobalSection
EndGlobal
